
Microsoft Visual Studio Solution File, Format Version 12.00
# Visual Studio 2013
VisualStudioVersion = 12.0.40629.0
MinimumVisualStudioVersion = 10.0.40219.1
Project("{FAE04EC0-301F-11D3-BF4B-00C04F79EFBC}") = "Raiduga.Web", "Raiduga.Web\Raiduga.Web.csproj", "{87685690-56F1-46F5-885A-F64E9F4B7648}"
EndProject
Project("{FAE04EC0-301F-11D3-BF4B-00C04F79EFBC}") = "Raiduga.Models", "Raiduga.Models\Raiduga.Models.csproj", "{9CD51A64-8908-42AC-AE4B-9F47B63932A3}"
EndProject
Project("{FAE04EC0-301F-11D3-BF4B-00C04F79EFBC}") = "Raiduga.DAL", "Raiduga.DAL\Raiduga.DAL.csproj", "{DD6F6172-60A5-4679-BF82-79AF72B80B07}"
EndProject
Project("{FAE04EC0-301F-11D3-BF4B-00C04F79EFBC}") = "Raiduga.Interface", "Raiduga.Interface\Raiduga.Interface.csproj", "{F12130F9-650D-4CA8-8ECF-C34DE43023A0}"
EndProject
Project("{FAE04EC0-301F-11D3-BF4B-00C04F79EFBC}") = "Raiduga.ModelTransformers", "Raiduga.ModelTransformer\Raiduga.ModelTransformers.csproj", "{172102B0-AC06-4447-BC83-B942CB9256B5}"
EndProject
Global
	GlobalSection(SolutionConfigurationPlatforms) = preSolution
		Debug|Any CPU = Debug|Any CPU
		Release|Any CPU = Release|Any CPU
	EndGlobalSection
	GlobalSection(ProjectConfigurationPlatforms) = postSolution
		{87685690-56F1-46F5-885A-F64E9F4B7648}.Debug|Any CPU.ActiveCfg = Debug|Any CPU
		{87685690-56F1-46F5-885A-F64E9F4B7648}.Debug|Any CPU.Build.0 = Debug|Any CPU
		{87685690-56F1-46F5-885A-F64E9F4B7648}.Release|Any CPU.ActiveCfg = Release|Any CPU
		{87685690-56F1-46F5-885A-F64E9F4B7648}.Release|Any CPU.Build.0 = Release|Any CPU
		{9CD51A64-8908-42AC-AE4B-9F47B63932A3}.Debug|Any CPU.ActiveCfg = Debug|Any CPU
		{9CD51A64-8908-42AC-AE4B-9F47B63932A3}.Debug|Any CPU.Build.0 = Debug|Any CPU
		{9CD51A64-8908-42AC-AE4B-9F47B63932A3}.Release|Any CPU.ActiveCfg = Release|Any CPU
		{9CD51A64-8908-42AC-AE4B-9F47B63932A3}.Release|Any CPU.Build.0 = Release|Any CPU
		{DD6F6172-60A5-4679-BF82-79AF72B80B07}.Debug|Any CPU.ActiveCfg = Debug|Any CPU
		{DD6F6172-60A5-4679-BF82-79AF72B80B07}.Debug|Any CPU.Build.0 = Debug|Any CPU
		{DD6F6172-60A5-4679-BF82-79AF72B80B07}.Release|Any CPU.ActiveCfg = Release|Any CPU
		{DD6F6172-60A5-4679-BF82-79AF72B80B07}.Release|Any CPU.Build.0 = Release|Any CPU
		{F12130F9-650D-4CA8-8ECF-C34DE43023A0}.Debug|Any CPU.ActiveCfg = Debug|Any CPU
		{F12130F9-650D-4CA8-8ECF-C34DE43023A0}.Debug|Any CPU.Build.0 = Debug|Any CPU
		{F12130F9-650D-4CA8-8ECF-C34DE43023A0}.Release|Any CPU.ActiveCfg = Release|Any CPU
		{F12130F9-650D-4CA8-8ECF-C34DE43023A0}.Release|Any CPU.Build.0 = Release|Any CPU
		{172102B0-AC06-4447-BC83-B942CB9256B5}.Debug|Any CPU.ActiveCfg = Debug|Any CPU
		{172102B0-AC06-4447-BC83-B942CB9256B5}.Debug|Any CPU.Build.0 = Debug|Any CPU
		{172102B0-AC06-4447-BC83-B942CB9256B5}.Release|Any CPU.ActiveCfg = Release|Any CPU
		{172102B0-AC06-4447-BC83-B942CB9256B5}.Release|Any CPU.Build.0 = Release|Any CPU
	EndGlobalSection
	GlobalSection(SolutionProperties) = preSolution
		HideSolutionNode = FALSE
	EndGlobalSection
EndGlobal
